
Microsoft Visual Studio Solution File, Format Version 12.00
Project("{FAE04EC0-301F-11D3-BF4B-00C04F79EFBC}") = "DPAT-1-Femke-Bas", "DPAT-1-Femke-Bas\DPAT-1-Femke-Bas.csproj", "{A2EC64B8-6066-4381-A6C5-3C4A0CE6DED8}"
EndProject
Project("{FAE04EC0-301F-11D3-BF4B-00C04F79EFBC}") = "Domain", "Domain\Domain.csproj", "{1CC6C9AA-5B75-4B8D-A1AB-10EC8EBF6B4D}"
EndProject
Project("{FAE04EC0-301F-11D3-BF4B-00C04F79EFBC}") = "Presentation", "Presentation\Presentation.csproj", "{AD8F107E-3ACB-4828-BEFC-467D9A5E6822}"
EndProject
Project("{FAE04EC0-301F-11D3-BF4B-00C04F79EFBC}") = "Test", "Test\Test.csproj", "{7424212E-FC03-4386-96A4-60686B92F0C5}"
EndProject
Global
	GlobalSection(SolutionConfigurationPlatforms) = preSolution
		Debug|Any CPU = Debug|Any CPU
		Release|Any CPU = Release|Any CPU
	EndGlobalSection
	GlobalSection(ProjectConfigurationPlatforms) = postSolution
		{A2EC64B8-6066-4381-A6C5-3C4A0CE6DED8}.Debug|Any CPU.ActiveCfg = Debug|Any CPU
		{A2EC64B8-6066-4381-A6C5-3C4A0CE6DED8}.Debug|Any CPU.Build.0 = Debug|Any CPU
		{A2EC64B8-6066-4381-A6C5-3C4A0CE6DED8}.Release|Any CPU.ActiveCfg = Release|Any CPU
		{A2EC64B8-6066-4381-A6C5-3C4A0CE6DED8}.Release|Any CPU.Build.0 = Release|Any CPU
		{1CC6C9AA-5B75-4B8D-A1AB-10EC8EBF6B4D}.Debug|Any CPU.ActiveCfg = Debug|Any CPU
		{1CC6C9AA-5B75-4B8D-A1AB-10EC8EBF6B4D}.Debug|Any CPU.Build.0 = Debug|Any CPU
		{1CC6C9AA-5B75-4B8D-A1AB-10EC8EBF6B4D}.Release|Any CPU.ActiveCfg = Release|Any CPU
		{1CC6C9AA-5B75-4B8D-A1AB-10EC8EBF6B4D}.Release|Any CPU.Build.0 = Release|Any CPU
		{AD8F107E-3ACB-4828-BEFC-467D9A5E6822}.Debug|Any CPU.ActiveCfg = Debug|Any CPU
		{AD8F107E-3ACB-4828-BEFC-467D9A5E6822}.Debug|Any CPU.Build.0 = Debug|Any CPU
		{AD8F107E-3ACB-4828-BEFC-467D9A5E6822}.Release|Any CPU.ActiveCfg = Release|Any CPU
		{AD8F107E-3ACB-4828-BEFC-467D9A5E6822}.Release|Any CPU.Build.0 = Release|Any CPU
		{7424212E-FC03-4386-96A4-60686B92F0C5}.Debug|Any CPU.ActiveCfg = Debug|Any CPU
		{7424212E-FC03-4386-96A4-60686B92F0C5}.Debug|Any CPU.Build.0 = Debug|Any CPU
		{7424212E-FC03-4386-96A4-60686B92F0C5}.Release|Any CPU.ActiveCfg = Release|Any CPU
		{7424212E-FC03-4386-96A4-60686B92F0C5}.Release|Any CPU.Build.0 = Release|Any CPU
	EndGlobalSection
EndGlobal
